{
  "name": "laGuardiadeElune",
  "lockfileVersion": 3,
  "requires": true,
  "packages": {
    "": {
      "dependencies": {
        "@hugeicons/core-free-icons": "^4.3.5"
      }
    },
    "node_modules/@hugeicons/core-free-icons": {
      "version": "4.3.5",
      "resolved": "https://registry.npmjs.org/@hugeicons/core-free-icons/-/core-free-icons-4.3.5.tgz",
      "integrity": "sha512-Sv+NjHRPnQk+yZsGCMcGznCHdTfJR9PMMOEKcJYAQU4gy90dmlc9PwdtvYOImBZIjiheMsTLL5eMn2DmHxUiUg==",
      "license": "MIT"
    }
  }
}
